
Microsoft Visual Studio Solution File, Format Version 12.00
# Visual Studio Version 17
VisualStudioVersion = 17.0.31903.59
MinimumVisualStudioVersion = 10.0.40219.1
Project("{FAE04EC0-301F-11D3-BF4B-00C04F79EFBC}") = "FindAnagrams", "FindAnagrams\FindAnagrams.csproj", "{D6E46451-12CC-4908-97FE-A7B9815691BE}"
EndProject
Project("{FAE04EC0-301F-11D3-BF4B-00C04F79EFBC}") = "FindAnagrams.UnitTests", "FindAnagrams.UnitTests\FindAnagrams.UnitTests.csproj", "{63783E9B-0EC7-424B-93AD-92E966ADA7F9}"
EndProject
Global
	GlobalSection(SolutionConfigurationPlatforms) = preSolution
		Debug|Any CPU = Debug|Any CPU
		Release|Any CPU = Release|Any CPU
	EndGlobalSection
	GlobalSection(SolutionProperties) = preSolution
		HideSolutionNode = FALSE
	EndGlobalSection
	GlobalSection(ProjectConfigurationPlatforms) = postSolution
		{D6E46451-12CC-4908-97FE-A7B9815691BE}.Debug|Any CPU.ActiveCfg = Debug|Any CPU
		{D6E46451-12CC-4908-97FE-A7B9815691BE}.Debug|Any CPU.Build.0 = Debug|Any CPU
		{D6E46451-12CC-4908-97FE-A7B9815691BE}.Release|Any CPU.ActiveCfg = Release|Any CPU
		{D6E46451-12CC-4908-97FE-A7B9815691BE}.Release|Any CPU.Build.0 = Release|Any CPU
		{63783E9B-0EC7-424B-93AD-92E966ADA7F9}.Debug|Any CPU.ActiveCfg = Debug|Any CPU
		{63783E9B-0EC7-424B-93AD-92E966ADA7F9}.Debug|Any CPU.Build.0 = Debug|Any CPU
		{63783E9B-0EC7-424B-93AD-92E966ADA7F9}.Release|Any CPU.ActiveCfg = Release|Any CPU
		{63783E9B-0EC7-424B-93AD-92E966ADA7F9}.Release|Any CPU.Build.0 = Release|Any CPU
	EndGlobalSection
EndGlobal
