
Microsoft Visual Studio Solution File, Format Version 12.00
# Visual Studio Version 17
VisualStudioVersion = 17.0.31903.59
MinimumVisualStudioVersion = 10.0.40219.1
Project("{FAE04EC0-301F-11D3-BF4B-00C04F79EFBC}") = "Rot13", "Rot13\Rot13.csproj", "{91E2C089-8702-42A9-97BA-1148712F265B}"
EndProject
Project("{FAE04EC0-301F-11D3-BF4B-00C04F79EFBC}") = "Rot13.UnitTests", "Rot13.UnitTests\Rot13.UnitTests.csproj", "{CE978155-49CF-47A1-BA40-9B756ECB4837}"
EndProject
Global
	GlobalSection(SolutionConfigurationPlatforms) = preSolution
		Debug|Any CPU = Debug|Any CPU
		Release|Any CPU = Release|Any CPU
	EndGlobalSection
	GlobalSection(SolutionProperties) = preSolution
		HideSolutionNode = FALSE
	EndGlobalSection
	GlobalSection(ProjectConfigurationPlatforms) = postSolution
		{91E2C089-8702-42A9-97BA-1148712F265B}.Debug|Any CPU.ActiveCfg = Debug|Any CPU
		{91E2C089-8702-42A9-97BA-1148712F265B}.Debug|Any CPU.Build.0 = Debug|Any CPU
		{91E2C089-8702-42A9-97BA-1148712F265B}.Release|Any CPU.ActiveCfg = Release|Any CPU
		{91E2C089-8702-42A9-97BA-1148712F265B}.Release|Any CPU.Build.0 = Release|Any CPU
		{CE978155-49CF-47A1-BA40-9B756ECB4837}.Debug|Any CPU.ActiveCfg = Debug|Any CPU
		{CE978155-49CF-47A1-BA40-9B756ECB4837}.Debug|Any CPU.Build.0 = Debug|Any CPU
		{CE978155-49CF-47A1-BA40-9B756ECB4837}.Release|Any CPU.ActiveCfg = Release|Any CPU
		{CE978155-49CF-47A1-BA40-9B756ECB4837}.Release|Any CPU.Build.0 = Release|Any CPU
	EndGlobalSection
EndGlobal
