
Microsoft Visual Studio Solution File, Format Version 12.00
# Visual Studio Version 16
VisualStudioVersion = 16.0.31911.196
MinimumVisualStudioVersion = 10.0.40219.1
Project("{FAE04EC0-301F-11D3-BF4B-00C04F79EFBC}") = "DictionaryParser", "DictionaryParser\DictionaryParser.csproj", "{D17F96A5-89DB-44D1-8344-04C56A0EF0F2}"
EndProject
Project("{FAE04EC0-301F-11D3-BF4B-00C04F79EFBC}") = "DictionaryParser.UnitTests", "DictionaryParser.UnitTests\DictionaryParser.UnitTests.csproj", "{39B51C78-883B-4BBD-84EF-E6C37EE09609}"
EndProject
Project("{FAE04EC0-301F-11D3-BF4B-00C04F79EFBC}") = "DictionaryParser.Fluent.UnitTests", "DictionaryParser.Fluent.UnitTests\DictionaryParser.Fluent.UnitTests.csproj", "{EBBE873B-1F09-4FD9-A852-8B902FB23751}"
EndProject
Global
	GlobalSection(SolutionConfigurationPlatforms) = preSolution
		Debug|Any CPU = Debug|Any CPU
		Release|Any CPU = Release|Any CPU
	EndGlobalSection
	GlobalSection(ProjectConfigurationPlatforms) = postSolution
		{D17F96A5-89DB-44D1-8344-04C56A0EF0F2}.Debug|Any CPU.ActiveCfg = Debug|Any CPU
		{D17F96A5-89DB-44D1-8344-04C56A0EF0F2}.Debug|Any CPU.Build.0 = Debug|Any CPU
		{D17F96A5-89DB-44D1-8344-04C56A0EF0F2}.Release|Any CPU.ActiveCfg = Release|Any CPU
		{D17F96A5-89DB-44D1-8344-04C56A0EF0F2}.Release|Any CPU.Build.0 = Release|Any CPU
		{39B51C78-883B-4BBD-84EF-E6C37EE09609}.Debug|Any CPU.ActiveCfg = Debug|Any CPU
		{39B51C78-883B-4BBD-84EF-E6C37EE09609}.Debug|Any CPU.Build.0 = Debug|Any CPU
		{39B51C78-883B-4BBD-84EF-E6C37EE09609}.Release|Any CPU.ActiveCfg = Release|Any CPU
		{39B51C78-883B-4BBD-84EF-E6C37EE09609}.Release|Any CPU.Build.0 = Release|Any CPU
		{EBBE873B-1F09-4FD9-A852-8B902FB23751}.Debug|Any CPU.ActiveCfg = Debug|Any CPU
		{EBBE873B-1F09-4FD9-A852-8B902FB23751}.Debug|Any CPU.Build.0 = Debug|Any CPU
		{EBBE873B-1F09-4FD9-A852-8B902FB23751}.Release|Any CPU.ActiveCfg = Release|Any CPU
		{EBBE873B-1F09-4FD9-A852-8B902FB23751}.Release|Any CPU.Build.0 = Release|Any CPU
	EndGlobalSection
	GlobalSection(SolutionProperties) = preSolution
		HideSolutionNode = FALSE
	EndGlobalSection
	GlobalSection(ExtensibilityGlobals) = postSolution
		SolutionGuid = {D981CD6D-C3C6-45C3-AC6F-963D7C1C45A5}
	EndGlobalSection
EndGlobal
