
Microsoft Visual Studio Solution File, Format Version 12.00
# Visual Studio Version 17
VisualStudioVersion = 17.0.31903.59
MinimumVisualStudioVersion = 10.0.40219.1
Project("{FAE04EC0-301F-11D3-BF4B-00C04F79EFBC}") = "ReverseWords", "ReverseWords\ReverseWords.csproj", "{E5BDA192-C0E0-43A3-94A1-72D203F8FC69}"
EndProject
Project("{FAE04EC0-301F-11D3-BF4B-00C04F79EFBC}") = "ReverseWords.UnitTests", "ReverseWords.UnitTests\ReverseWords.UnitTests.csproj", "{AA48F32A-2D4A-488D-92B1-0B708C6FF8A2}"
EndProject
Global
	GlobalSection(SolutionConfigurationPlatforms) = preSolution
		Debug|Any CPU = Debug|Any CPU
		Release|Any CPU = Release|Any CPU
	EndGlobalSection
	GlobalSection(SolutionProperties) = preSolution
		HideSolutionNode = FALSE
	EndGlobalSection
	GlobalSection(ProjectConfigurationPlatforms) = postSolution
		{E5BDA192-C0E0-43A3-94A1-72D203F8FC69}.Debug|Any CPU.ActiveCfg = Debug|Any CPU
		{E5BDA192-C0E0-43A3-94A1-72D203F8FC69}.Debug|Any CPU.Build.0 = Debug|Any CPU
		{E5BDA192-C0E0-43A3-94A1-72D203F8FC69}.Release|Any CPU.ActiveCfg = Release|Any CPU
		{E5BDA192-C0E0-43A3-94A1-72D203F8FC69}.Release|Any CPU.Build.0 = Release|Any CPU
		{AA48F32A-2D4A-488D-92B1-0B708C6FF8A2}.Debug|Any CPU.ActiveCfg = Debug|Any CPU
		{AA48F32A-2D4A-488D-92B1-0B708C6FF8A2}.Debug|Any CPU.Build.0 = Debug|Any CPU
		{AA48F32A-2D4A-488D-92B1-0B708C6FF8A2}.Release|Any CPU.ActiveCfg = Release|Any CPU
		{AA48F32A-2D4A-488D-92B1-0B708C6FF8A2}.Release|Any CPU.Build.0 = Release|Any CPU
	EndGlobalSection
EndGlobal
